
Microsoft Visual Studio Solution File, Format Version 12.00
# Visual Studio Version 17
VisualStudioVersion = 17.7.34302.85
MinimumVisualStudioVersion = 10.0.40219.1
Project("{FAE04EC0-301F-11D3-BF4B-00C04F79EFBC}") = "ConsoleApp7", "ConsoleApp7\ConsoleApp7.csproj", "{6E72DE10-2CD7-40EA-8FE2-79FE8300DB2C}"
EndProject
Global
	GlobalSection(SolutionConfigurationPlatforms) = preSolution
		Debug|Any CPU = Debug|Any CPU
		Release|Any CPU = Release|Any CPU
	EndGlobalSection
	GlobalSection(ProjectConfigurationPlatforms) = postSolution
		{6E72DE10-2CD7-40EA-8FE2-79FE8300DB2C}.Debug|Any CPU.ActiveCfg = Debug|Any CPU
		{6E72DE10-2CD7-40EA-8FE2-79FE8300DB2C}.Debug|Any CPU.Build.0 = Debug|Any CPU
		{6E72DE10-2CD7-40EA-8FE2-79FE8300DB2C}.Release|Any CPU.ActiveCfg = Release|Any CPU
		{6E72DE10-2CD7-40EA-8FE2-79FE8300DB2C}.Release|Any CPU.Build.0 = Release|Any CPU
	EndGlobalSection
	GlobalSection(SolutionProperties) = preSolution
		HideSolutionNode = FALSE
	EndGlobalSection
	GlobalSection(ExtensibilityGlobals) = postSolution
		SolutionGuid = {90448010-F514-44BF-B9AE-3546BAC3D313}
	EndGlobalSection
EndGlobal
